<Solution>
  <Project Path="ProductCatalog.Api/ProductCatalog.Api.csproj" />
  <Project Path="ProductCatalog.Application/ProductCatalog.Application.csproj" />
  <Project Path="ProductCatalog.Domain/ProductCatalog.Domain.csproj" />
  <Project Path="ProductCatalog.Infrastructure/ProductCatalog.Infrastructure.csproj" />
</Solution>
