<Solution>
  <Project Path="ShoppingCart.Api/ShoppingCart.Api.csproj" />
  <Project Path="ShoppingCart.Application/ShoppingCart.Application.csproj" />
  <Project Path="ShoppingCart.Domain/ShoppingCart.Domain.csproj" />
  <Project Path="ShoppingCart.Infrastructure/ShoppingCart.Infrastructure.csproj" />
</Solution>
